
Microsoft Visual Studio Solution File, Format Version 12.00
# Visual Studio Version 16
VisualStudioVersion = 16.0.808.5
MinimumVisualStudioVersion = 10.0.40219.1
Project("{FAE04EC0-301F-11D3-BF4B-00C04F79EFBC}") = "OnlineBookstore", "OnlineBookstore\OnlineBookstore.csproj", "{10AC6526-DCF0-4FF7-935E-105F2ECE5947}"
EndProject
Global
	GlobalSection(SolutionConfigurationPlatforms) = preSolution
		Debug|Any CPU = Debug|Any CPU
		Release|Any CPU = Release|Any CPU
	EndGlobalSection
	GlobalSection(ProjectConfigurationPlatforms) = postSolution
		{10AC6526-DCF0-4FF7-935E-105F2ECE5947}.Debug|Any CPU.ActiveCfg = Debug|Any CPU
		{10AC6526-DCF0-4FF7-935E-105F2ECE5947}.Debug|Any CPU.Build.0 = Debug|Any CPU
		{10AC6526-DCF0-4FF7-935E-105F2ECE5947}.Release|Any CPU.ActiveCfg = Release|Any CPU
		{10AC6526-DCF0-4FF7-935E-105F2ECE5947}.Release|Any CPU.Build.0 = Release|Any CPU
	EndGlobalSection
	GlobalSection(SolutionProperties) = preSolution
		HideSolutionNode = FALSE
	EndGlobalSection
	GlobalSection(ExtensibilityGlobals) = postSolution
		SolutionGuid = {7295D371-F31F-464A-A960-BCF4D46003A9}
	EndGlobalSection
EndGlobal
